{
  "originHash" : "1f2b718aba391c32ad48c24f1200d0ef9439b9f8bdf3f04cb6e40466a0442152",
  "pins" : [
    {
      "identity" : "stripe-terminal-ios",
      "kind" : "remoteSourceControl",
      "location" : "https://github.com/stripe/stripe-terminal-ios",
      "state" : {
        "revision" : "c1aa888a3f29416f93cc9c00c1e48ba0f44d3d3d",
        "version" : "5.4.0"
      }
    }
  ],
  "version" : 3
}
